{
  "name": "teamable_demo",
  "lockfileVersion": 2,
  "requires": true,
  "packages": {
    "": {
      "dependencies": {
        "datepicker.js": "^0.0.1-beta1",
        "validator": "^13.15.0"
      }
    },
    "node_modules/datepicker.js": {
      "version": "0.0.1-beta1",
      "resolved": "https://registry.npmjs.org/datepicker.js/-/datepicker.js-0.0.1-beta1.tgz",
      "integrity": "sha512-z58CQt72Nie9iaS8n6M/0SE3Wndg+rDxiRnplwWUN6BKjwXDyLbWAlGlUk3YyvkSmEQvpPdkMDP0bofLClA+Kw==",
      "license": "ISC"
    },
    "node_modules/validator": {
      "version": "13.15.0",
      "resolved": "https://registry.npmjs.org/validator/-/validator-13.15.0.tgz",
      "integrity": "sha512-36B2ryl4+oL5QxZ3AzD0t5SsMNGvTtQHpjgFO5tbNxfXbMFkY822ktCDe1MnlqV3301QQI9SLHDNJokDI+Z9pA==",
      "engines": {
        "node": ">= 0.10"
      }
    }
  },
  "dependencies": {
    "datepicker.js": {
      "version": "0.0.1-beta1",
      "resolved": "https://registry.npmjs.org/datepicker.js/-/datepicker.js-0.0.1-beta1.tgz",
      "integrity": "sha512-z58CQt72Nie9iaS8n6M/0SE3Wndg+rDxiRnplwWUN6BKjwXDyLbWAlGlUk3YyvkSmEQvpPdkMDP0bofLClA+Kw=="
    },
    "validator": {
      "version": "13.15.0",
      "resolved": "https://registry.npmjs.org/validator/-/validator-13.15.0.tgz",
      "integrity": "sha512-36B2ryl4+oL5QxZ3AzD0t5SsMNGvTtQHpjgFO5tbNxfXbMFkY822ktCDe1MnlqV3301QQI9SLHDNJokDI+Z9pA=="
    }
  }
}
